github.com/infastin/gorack/constraints v1.0.2 h1:oOQEokQuM3xGEf3vLwdU4p8xlHbKUS96L6BbsVogKPw=
github.com/infastin/gorack/constraints v1.0.2/go.mod h1:UrKQOyJgH4bJl93jfGAfTUuitDBoJPU2BBGm0sR1v2M=
github.com/infastin/gorack/fastconv v1.0.1 h1:ckIcczo07NMKoh4KNZJJCzfpx8fLmWVXZboIvyXbdDU=
github.com/infastin/gorack/fastconv v1.0.1/go.mod h1:g6FJHEe8FkxJSxkP3kUgazGNRWo7tuK0Ch7+gEa6pQU=
